// !$*UTF8*$!
{
	archiveVersion = 1;
	classes = {
	};
	objectVersion = 50;
	objects = {

/* Begin PBXBuildFile section */
		2D0831AA2620454700C63F32 /* AppDelegate.swift in Sources */ = {isa = PBXBuildFile; fileRef = 2D0831A92620454700C63F32 /* AppDelegate.swift */; };
		2D0831AC2620454700C63F32 /* SceneDelegate.swift in Sources */ = {isa = PBXBuildFile; fileRef = 2D0831AB2620454700C63F32 /* SceneDelegate.swift */; };
		2D0831AE2620454700C63F32 /* ViewController.swift in Sources */ = {isa = PBXBuildFile; fileRef = 2D0831AD2620454700C63F32 /* ViewController.swift */; };
		2D0831B12620454700C63F32 /* Main.storyboard in Resources */ = {isa = PBXBuildFile; fileRef = 2D0831AF2620454700C63F32 /* Main.storyboard */; };
		2D0831B42620454700C63F32 /* ToDoListCD.xcdatamodeld in Sources */ = {isa = PBXBuildFile; fileRef = 2D0831B22620454700C63F32 /* ToDoListCD.xcdatamodeld */; };
		2D0831B62620454800C63F32 /* Assets.xcassets in Resources */ = {isa = PBXBuildFile; fileRef = 2D0831B52620454800C63F32 /* Assets.xcassets */; };
		2D0831B92620454800C63F32 /* LaunchScreen.storyboard in Resources */ = {isa = PBXBuildFile; fileRef = 2D0831B72620454800C63F32 /* LaunchScreen.storyboard */; };
/* End PBXBuildFile section */

/* Begin PBXFileReference section */
		2D0831A62620454700C63F32 /* ToDoListCD.app */ = {isa = PBXFileReference; explicitFileType = wrapper.application; includeInIndex = 0; path = ToDoListCD.app; sourceTree = BUILT_PRODUCTS_DIR; };
		2D0831A92620454700C63F32 /* AppDelegate.swift */ = {isa = PBXFileReference; lastKnownFileType = sourcecode.swift; path = AppDelegate.swift; sourceTree = "<group>"; };
		2D0831AB2620454700C63F32 /* SceneDelegate.swift */ = {isa = PBXFileReference; lastKnownFileType = sourcecode.swift; path = SceneDelegate.swift; sourceTree = "<group>"; };
		2D0831AD2620454700C63F32 /* ViewController.swift */ = {isa = PBXFileReference; lastKnownFileType = sourcecode.swift; path = ViewController.swift; sourceTree = "<group>"; };
		2D0831B02620454700C63F32 /* Base */ = {isa = PBXFileReference; lastKnownFileType = file.storyboard; name = Base; path = Base.lproj/Main.storyboard; sourceTree = "<group>"; };
		2D0831B32620454700C63F32 /* ToDoListCD.xcdatamodel */ = {isa = PBXFileReference; lastKnownFileType = wrapper.xcdatamodel; path = ToDoListCD.xcdatamodel; sourceTree = "<group>"; };
		2D0831B52620454800C63F32 /* Assets.xcassets */ = {isa = PBXFileReference; lastKnownFileType = folder.assetcatalog; path = Assets.xcassets; sourceTree = "<group>"; };
		2D0831B82620454800C63F32 /* Base */ = {isa = PBXFileReference; lastKnownFileType = file.storyboard; name = Base; path = Base.lproj/LaunchScreen.storyboard; sourceTree = "<group>"; };
		2D0831BA2620454800C63F32 /* Info.plist */ = {isa = PBXFileReference; lastKnownFileType = text.plist.xml; path = Info.plist; sourceTree = "<group>"; };
/* End PBXFileReference section */

/* Begin PBXFrameworksBuildPhase section */
		2D0831A32620454700C63F32 /* Frameworks */ = {
			isa = PBXFrameworksBuildPhase;
			buildActionMask = 2147483647;
			files = (
			);
			runOnlyForDeploymentPostprocessing = 0;
		};
/* End PBXFrameworksBuildPhase section */

/* Begin PBXGroup section */
		2D08319D2620454700C63F32 = {
			isa = PBXGroup;
			children = (
				2D0831A82620454700C63F32 /* ToDoListCD */,
				2D0831A72620454700C63F32 /* Products */,
			);
			sourceTree = "<group>";
		};
		2D0831A72620454700C63F32 /* Products */ = {
			isa = PBXGroup;
			children = (
				2D0831A62620454700C63F32 /* ToDoListCD.app */,
			);
			name = Products;
			sourceTree = "<group>";
		};
		2D0831A82620454700C63F32 /* ToDoListCD */ = {
			isa = PBXGroup;
			children = (
				2D0831A92620454700C63F32 /* AppDelegate.swift */,
				2D0831AB2620454700C63F32 /* SceneDelegate.swift */,
				2D0831AD2620454700C63F32 /* ViewController.swift */,
				2D0831AF2620454700C63F32 /* Main.storyboard */,
				2D0831B52620454800C63F32 /* Assets.xcassets */,
				2D0831B72620454800C63F32 /* LaunchScreen.storyboard */,
				2D0831BA2620454800C63F32 /* Info.plist */,
				2D0831B22620454700C63F32 /* ToDoListCD.xcdatamodeld */,
			);
			path = ToDoListCD;
			sourceTree = "<group>";
		};
/* End PBXGroup section */

/* Begin PBXNativeTarget section */
		2D0831A52620454700C63F32 /* ToDoListCD */ = {
			isa = PBXNativeTarget;
			buildConfigurationList = 2D0831BD2620454800C63F32 /* Build configuration list for PBXNativeTarget "ToDoListCD" */;
			buildPhases = (
				2D0831A22620454700C63F32 /* Sources */,
				2D0831A32620454700C63F32 /* Frameworks */,
				2D0831A42620454700C63F32 /* Resources */,
			);
			buildRules = (
			);
			dependencies = (
			);
			name = ToDoListCD;
			productName = ToDoListCD;
			productReference = 2D0831A62620454700C63F32 /* ToDoListCD.app */;
			productType = "com.apple.product-type.application";
		};
/* End PBXNativeTarget section */

/* Begin PBXProject section */
		2D08319E2620454700C63F32 /* Project object */ = {
			isa = PBXProject;
			attributes = {
				LastSwiftUpdateCheck = 1240;
				LastUpgradeCheck = 1240;
				TargetAttributes = {
					2D0831A52620454700C63F32 = {
						CreatedOnToolsVersion = 12.4;
					};
				};
			};
			buildConfigurationList = 2D0831A12620454700C63F32 /* Build configuration list for PBXProject "ToDoListCD" */;
			compatibilityVersion = "Xcode 9.3";
			developmentRegion = en;
			hasScannedForEncodings = 0;
			knownRegions = (
				en,
				Base,
			);
			mainGroup = 2D08319D2620454700C63F32;
			productRefGroup = 2D0831A72620454700C63F32 /* Products */;
			projectDirPath = "";
			projectRoot = "";
			targets = (
				2D0831A52620454700C63F32 /* ToDoListCD */,
			);
		};
/* End PBXProject section */

/* Begin PBXResourcesBuildPhase section */
		2D0831A42620454700C63F32 /* Resources */ = {
			isa = PBXResourcesBuildPhase;
			buildActionMask = 2147483647;
			files = (
				2D0831B92620454800C63F32 /* LaunchScreen.storyboard in Resources */,
				2D0831B62620454800C63F32 /* Assets.xcassets in Resources */,
				2D0831B12620454700C63F32 /* Main.storyboard in Resources */,
			);
			runOnlyForDeploymentPostprocessing = 0;
		};
/* End PBXResourcesBuildPhase section */

/* Begin PBXSourcesBuildPhase section */
		2D0831A22620454700C63F32 /* Sources */ = {
			isa = PBXSourcesBuildPhase;
			buildActionMask = 2147483647;
			files = (
				2D0831B42620454700C63F32 /* ToDoListCD.xcdatamodeld in Sources */,
				2D0831AE2620454700C63F32 /* ViewController.swift in Sources */,
				2D0831AA2620454700C63F32 /* AppDelegate.swift in Sources */,
				2D0831AC2620454700C63F32 /* SceneDelegate.swift in Sources */,
			);
			runOnlyForDeploymentPostprocessing = 0;
		};
/* End PBXSourcesBuildPhase section */

/* Begin PBXVariantGroup section */
		2D0831AF2620454700C63F32 /* Main.storyboard */ = {
			isa = PBXVariantGroup;
			children = (
				2D0831B02620454700C63F32 /* Base */,
			);
			name = Main.storyboard;
			sourceTree = "<group>";
		};
		2D0831B72620454800C63F32 /* LaunchScreen.storyboard */ = {
			isa = PBXVariantGroup;
			children = (
				2D0831B82620454800C63F32 /* Base */,
			);
			name = LaunchScreen.storyboard;
			sourceTree = "<group>";
		};
/* End PBXVariantGroup section */

/* Begin XCBuildConfiguration section */
		2D0831BB2620454800C63F32 /* Debug */ = {
			isa = XCBuildConfiguration;
			buildSettings = {
				ALWAYS_SEARCH_USER_PATHS = NO;
				CLANG_ANALYZER_NONNULL = YES;
				CLANG_ANALYZER_NUMBER_OBJECT_CONVERSION = YES_AGGRESSIVE;
				CLANG_CXX_LANGUAGE_STANDARD = "gnu++14";
				CLANG_CXX_LIBRARY = "libc++";
				CLANG_ENABLE_MODULES = YES;
				CLANG_ENABLE_OBJC_ARC = YES;
				CLANG_ENABLE_OBJC_WEAK = YES;
				CLANG_WARN_BLOCK_CAPTURE_AUTORELEASING = YES;
				CLANG_WARN_BOOL_CONVERSION = YES;
				CLANG_WARN_COMMA = YES;
				CLANG_WARN_CONSTANT_CONVERSION = YES;
				CLANG_WARN_DEPRECATED_OBJC_IMPLEMENTATIONS = YES;
				CLANG_WARN_DIRECT_OBJC_ISA_USAGE = YES_ERROR;
				CLANG_WARN_DOCUMENTATION_COMMENTS = YES;
				CLANG_WARN_EMPTY_BODY = YES;
				CLANG_WARN_ENUM_CONVERSION = YES;
				CLANG_WARN_INFINITE_RECURSION = YES;
				CLANG_WARN_INT_CONVERSION = YES;
				CLANG_WARN_NON_LITERAL_NULL_CONVERSION = YES;
				CLANG_WARN_OBJC_IMPLICIT_RETAIN_SELF = YES;
				CLANG_WARN_OBJC_LITERAL_CONVERSION = YES;
				CLANG_WARN_OBJC_ROOT_CLASS = YES_ERROR;
				CLANG_WARN_QUOTED_INCLUDE_IN_FRAMEWORK_HEADER = YES;
				CLANG_WARN_RANGE_LOOP_ANALYSIS = YES;
				CLANG_WARN_STRICT_PROTOTYPES = YES;
				CLANG_WARN_SUSPICIOUS_MOVE = YES;
				CLANG_WARN_UNGUARDED_AVAILABILITY = YES_AGGRESSIVE;
				CLANG_WARN_UNREACHABLE_CODE = YES;
				CLANG_WARN__DUPLICATE_METHOD_MATCH = YES;
				COPY_PHASE_STRIP = NO;
				DEBUG_INFORMATION_FORMAT = dwarf;
				ENABLE_STRICT_OBJC_MSGSEND = YES;
				ENABLE_TESTABILITY = YES;
				GCC_C_LANGUAGE_STANDARD = gnu11;
				GCC_DYNAMIC_NO_PIC = NO;
				GCC_NO_COMMON_BLOCKS = YES;
				GCC_OPTIMIZATION_LEVEL = 0;
				GCC_PREPROCESSOR_DEFINITIONS = (
					"DEBUG=1",
					"$(inherited)",
				);
				GCC_WARN_64_TO_32_BIT_CONVERSION = YES;
				GCC_WARN_ABOUT_RETURN_TYPE = YES_ERROR;
				GCC_WARN_UNDECLARED_SELECTOR = YES;
				GCC_WARN_UNINITIALIZED_AUTOS = YES_AGGRESSIVE;
				GCC_WARN_UNUSED_FUNCTION = YES;
				GCC_WARN_UNUSED_VARIABLE = YES;
				IPHONEOS_DEPLOYMENT_TARGET = 14.4;
				MTL_ENABLE_DEBUG_INFO = INCLUDE_SOURCE;
				MTL_FAST_MATH = YES;
				ONLY_ACTIVE_ARCH = YES;
				SDKROOT = iphoneos;
				SWIFT_ACTIVE_COMPILATION_CONDITIONS = DEBUG;
				SWIFT_OPTIMIZATION_LEVEL = "-Onone";
			};
			name = Debug;
		};
		2D0831BC2620454800C63F32 /* Release */ = {
			isa = XCBuildConfiguration;
			buildSettings = {
				ALWAYS_SEARCH_USER_PATHS = NO;
				CLANG_ANALYZER_NONNULL = YES;
				CLANG_ANALYZER_NUMBER_OBJECT_CONVERSION = YES_AGGRESSIVE;
				CLANG_CXX_LANGUAGE_STANDARD = "gnu++14";
				CLANG_CXX_LIBRARY = "libc++";
				CLANG_ENABLE_MODULES = YES;
				CLANG_ENABLE_OBJC_ARC = YES;
				CLANG_ENABLE_OBJC_WEAK = YES;
				CLANG_WARN_BLOCK_CAPTURE_AUTORELEASING = YES;
				CLANG_WARN_BOOL_CONVERSION = YES;
				CLANG_WARN_COMMA = YES;
				CLANG_WARN_CONSTANT_CONVERSION = YES;
				CLANG_WARN_DEPRECATED_OBJC_IMPLEMENTATIONS = YES;
				CLANG_WARN_DIRECT_OBJC_ISA_USAGE = YES_ERROR;
				CLANG_WARN_DOCUMENTATION_COMMENTS = YES;
				CLANG_WARN_EMPTY_BODY = YES;
				CLANG_WARN_ENUM_CONVERSION = YES;
				CLANG_WARN_INFINITE_RECURSION = YES;
				CLANG_WARN_INT_CONVERSION = YES;
				CLANG_WARN_NON_LITERAL_NULL_CONVERSION = YES;
				CLANG_WARN_OBJC_IMPLICIT_RETAIN_SELF = YES;
				CLANG_WARN_OBJC_LITERAL_CONVERSION = YES;
				CLANG_WARN_OBJC_ROOT_CLASS = YES_ERROR;
				CLANG_WARN_QUOTED_INCLUDE_IN_FRAMEWORK_HEADER = YES;
				CLANG_WARN_RANGE_LOOP_ANALYSIS = YES;
				CLANG_WARN_STRICT_PROTOTYPES = YES;
				CLANG_WARN_SUSPICIOUS_MOVE = YES;
				CLANG_WARN_UNGUARDED_AVAILABILITY = YES_AGGRESSIVE;
				CLANG_WARN_UNREACHABLE_CODE = YES;
				CLANG_WARN__DUPLICATE_METHOD_MATCH = YES;
				COPY_PHASE_STRIP = NO;
				DEBUG_INFORMATION_FORMAT = "dwarf-with-dsym";
				ENABLE_NS_ASSERTIONS = NO;
				ENABLE_STRICT_OBJC_MSGSEND = YES;
				GCC_C_LANGUAGE_STANDARD = gnu11;
				GCC_NO_COMMON_BLOCKS = YES;
				GCC_WARN_64_TO_32_BIT_CONVERSION = YES;
				GCC_WARN_ABOUT_RETURN_TYPE = YES_ERROR;
				GCC_WARN_UNDECLARED_SELECTOR = YES;
				GCC_WARN_UNINITIALIZED_AUTOS = YES_AGGRESSIVE;
				GCC_WARN_UNUSED_FUNCTION = YES;
				GCC_WARN_UNUSED_VARIABLE = YES;
				IPHONEOS_DEPLOYMENT_TARGET = 14.4;
				MTL_ENABLE_DEBUG_INFO = NO;
				MTL_FAST_MATH = YES;
				SDKROOT = iphoneos;
				SWIFT_COMPILATION_MODE = wholemodule;
				SWIFT_OPTIMIZATION_LEVEL = "-O";
				VALIDATE_PRODUCT = YES;
			};
			name = Release;
		};
		2D0831BE2620454800C63F32 /* Debug */ = {
			isa = XCBuildConfiguration;
			buildSettings = {
				ASSETCATALOG_COMPILER_APPICON_NAME = AppIcon;
				ASSETCATALOG_COMPILER_GLOBAL_ACCENT_COLOR_NAME = AccentColor;
				CODE_SIGN_STYLE = Automatic;
				DEVELOPMENT_TEAM = JKCK2R7Z4A;
				INFOPLIST_FILE = ToDoListCD/Info.plist;
				LD_RUNPATH_SEARCH_PATHS = (
					"$(inherited)",
					"@executable_path/Frameworks",
				);
				PRODUCT_BUNDLE_IDENTIFIER = id.infinitelearning.ToDoListCD;
				PRODUCT_NAME = "$(TARGET_NAME)";
				SWIFT_VERSION = 5.0;
				TARGETED_DEVICE_FAMILY = "1,2";
			};
			name = Debug;
		};
		2D0831BF2620454800C63F32 /* Release */ = {
			isa = XCBuildConfiguration;
			buildSettings = {
				ASSETCATALOG_COMPILER_APPICON_NAME = AppIcon;
				ASSETCATALOG_COMPILER_GLOBAL_ACCENT_COLOR_NAME = AccentColor;
				CODE_SIGN_STYLE = Automatic;
				DEVELOPMENT_TEAM = JKCK2R7Z4A;
				INFOPLIST_FILE = ToDoListCD/Info.plist;
				LD_RUNPATH_SEARCH_PATHS = (
					"$(inherited)",
					"@executable_path/Frameworks",
				);
				PRODUCT_BUNDLE_IDENTIFIER = id.infinitelearning.ToDoListCD;
				PRODUCT_NAME = "$(TARGET_NAME)";
				SWIFT_VERSION = 5.0;
				TARGETED_DEVICE_FAMILY = "1,2";
			};
			name = Release;
		};
/* End XCBuildConfiguration section */

/* Begin XCConfigurationList section */
		2D0831A12620454700C63F32 /* Build configuration list for PBXProject "ToDoListCD" */ = {
			isa = XCConfigurationList;
			buildConfigurations = (
				2D0831BB2620454800C63F32 /* Debug */,
				2D0831BC2620454800C63F32 /* Release */,
			);
			defaultConfigurationIsVisible = 0;
			defaultConfigurationName = Release;
		};
		2D0831BD2620454800C63F32 /* Build configuration list for PBXNativeTarget "ToDoListCD" */ = {
			isa = XCConfigurationList;
			buildConfigurations = (
				2D0831BE2620454800C63F32 /* Debug */,
				2D0831BF2620454800C63F32 /* Release */,
			);
			defaultConfigurationIsVisible = 0;
			defaultConfigurationName = Release;
		};
/* End XCConfigurationList section */

/* Begin XCVersionGroup section */
		2D0831B22620454700C63F32 /* ToDoListCD.xcdatamodeld */ = {
			isa = XCVersionGroup;
			children = (
				2D0831B32620454700C63F32 /* ToDoListCD.xcdatamodel */,
			);
			currentVersion = 2D0831B32620454700C63F32 /* ToDoListCD.xcdatamodel */;
			path = ToDoListCD.xcdatamodeld;
			sourceTree = "<group>";
			versionGroupType = wrapper.xcdatamodel;
		};
/* End XCVersionGroup section */
	};
	rootObject = 2D08319E2620454700C63F32 /* Project object */;
}
